<?xml version="1.0" encoding="utf-8"?>
<Project ToolsVersion="4.0" xmlns="http://schemas.microsoft.com/developer/msbuild/2003">
  <ItemGroup>
    <Filter Include="소스 파일">
      <UniqueIdentifier>{4FC737F1-C7A5-4376-A066-2A32D752A2FF}</UniqueIdentifier>
      <Extensions>cpp;c;cc;cxx;c++;cppm;ixx;def;odl;idl;hpj;bat;asm;asmx</Extensions>
    </Filter>
    <Filter Include="헤더 파일">
      <UniqueIdentifier>{93995380-89BD-4b04-88EB-625FBE52EBFB}</UniqueIdentifier>
      <Extensions>h;hh;hpp;hxx;h++;hm;inl;inc;ipp;xsd</Extensions>
    </Filter>
    <Filter Include="리소스 파일">
      <UniqueIdentifier>{67DA6AB6-F800-4c08-8B7A-83BB121AAD01}</UniqueIdentifier>
      <Extensions>rc;ico;cur;bmp;dlg;rc2;rct;bin;rgs;gif;jpg;jpeg;jpe;resx;tiff;tif;png;wav;mfcribbon-ms</Extensions>
    </Filter>
  </ItemGroup>
  <ItemGroup>
    <ClCompile Include="DrawUI.cpp">
      <Filter>소스 파일</Filter>
    </ClCompile>
    <ClCompile Include="DrawUIR.cpp">
      <Filter>소스 파일</Filter>
    </ClCompile>
    <ClCompile Include="FileLoader.cpp">
      <Filter>소스 파일</Filter>
    </ClCompile>
    <ClCompile Include="FileSelectList.cpp">
      <Filter>소스 파일</Filter>
    </ClCompile>
    <ClCompile Include="main.cpp">
      <Filter>소스 파일</Filter>
    </ClCompile>
    <ClCompile Include="ResultScreen.cpp">
      <Filter>소스 파일</Filter>
    </ClCompile>
    <ClCompile Include="TextUtil.cpp">
      <Filter>소스 파일</Filter>
    </ClCompile>
    <ClCompile Include="TypingGame.cpp">
      <Filter>소스 파일</Filter>
    </ClCompile>
    <ClCompile Include="saveGameLog.cpp">
      <Filter>소스 파일</Filter>
    </ClCompile>
    <ClCompile Include="merge.cpp">
      <Filter>소스 파일</Filter>
    </ClCompile>
  </ItemGroup>
  <ItemGroup>
    <ClInclude Include="DrawUI.hpp">
      <Filter>헤더 파일</Filter>
    </ClInclude>
    <ClInclude Include="DrawUIR.hpp">
      <Filter>헤더 파일</Filter>
    </ClInclude>
    <ClInclude Include="FileLoader.hpp">
      <Filter>헤더 파일</Filter>
    </ClInclude>
    <ClInclude Include="FileSelectList.hpp">
      <Filter>헤더 파일</Filter>
    </ClInclude>
    <ClInclude Include="GameState.hpp">
      <Filter>헤더 파일</Filter>
    </ClInclude>
    <ClInclude Include="ResultScreen.hpp">
      <Filter>헤더 파일</Filter>
    </ClInclude>
    <ClInclude Include="Scene.hpp">
      <Filter>헤더 파일</Filter>
    </ClInclude>
    <ClInclude Include="TextUtil.hpp">
      <Filter>헤더 파일</Filter>
    </ClInclude>
    <ClInclude Include="TypingGame.hpp">
      <Filter>헤더 파일</Filter>
    </ClInclude>
    <ClInclude Include="UIAlign.hpp">
      <Filter>헤더 파일</Filter>
    </ClInclude>
    <ClInclude Include="saveGameLog.h">
      <Filter>헤더 파일</Filter>
    </ClInclude>
    <ClInclude Include="userManager.hpp">
      <Filter>헤더 파일</Filter>
    </ClInclude>
    <ClInclude Include="LoginUI.hpp">
      <Filter>헤더 파일</Filter>
    </ClInclude>
    <ClInclude Include="RankingUI.hpp">
      <Filter>헤더 파일</Filter>
    </ClInclude>
    <ClInclude Include="Utils.h">
      <Filter>헤더 파일</Filter>
    </ClInclude>
    <ClInclude Include="networkManager.h">
      <Filter>헤더 파일</Filter>
    </ClInclude>
    <ClInclude Include="gameManager.h">
      <Filter>헤더 파일</Filter>
    </ClInclude>
    <ClInclude Include="UIManager.hpp">
      <Filter>헤더 파일</Filter>
    </ClInclude>
  </ItemGroup>
</Project>